
Microsoft Visual Studio Solution File, Format Version 11.00
# Visual Studio 2010
Project("{FAE04EC0-301F-11D3-BF4B-00C04F79EFBC}") = "EditorExtensions", "Assembly-CSharp.csproj", "{8431B8AC-9028-4CA5-0FBA-5B07901C63CE}"
EndProject
Project("{FAE04EC0-301F-11D3-BF4B-00C04F79EFBC}") = "EditorExtensions", "Assembly-CSharp-Editor.csproj", "{50466DB9-806B-2924-FE34-B49287DB52FE}"
EndProject
Global
	GlobalSection(SolutionConfigurationPlatforms) = preSolution
		Debug|Any CPU = Debug|Any CPU
		Release|Any CPU = Release|Any CPU
	EndGlobalSection
	GlobalSection(ProjectConfigurationPlatforms) = postSolution
		{8431B8AC-9028-4CA5-0FBA-5B07901C63CE}.Debug|Any CPU.ActiveCfg = Debug|Any CPU
		{8431B8AC-9028-4CA5-0FBA-5B07901C63CE}.Debug|Any CPU.Build.0 = Debug|Any CPU
		{8431B8AC-9028-4CA5-0FBA-5B07901C63CE}.Release|Any CPU.ActiveCfg = Release|Any CPU
		{8431B8AC-9028-4CA5-0FBA-5B07901C63CE}.Release|Any CPU.Build.0 = Release|Any CPU
		{50466DB9-806B-2924-FE34-B49287DB52FE}.Debug|Any CPU.ActiveCfg = Debug|Any CPU
		{50466DB9-806B-2924-FE34-B49287DB52FE}.Debug|Any CPU.Build.0 = Debug|Any CPU
		{50466DB9-806B-2924-FE34-B49287DB52FE}.Release|Any CPU.ActiveCfg = Release|Any CPU
		{50466DB9-806B-2924-FE34-B49287DB52FE}.Release|Any CPU.Build.0 = Release|Any CPU
	EndGlobalSection
	GlobalSection(SolutionProperties) = preSolution
		HideSolutionNode = FALSE
	EndGlobalSection
	GlobalSection(MonoDevelopProperties) = preSolution
		StartupItem = Assembly-CSharp.csproj
	EndGlobalSection
EndGlobal
